
Microsoft Visual Studio Solution File, Format Version 12.00
# Visual Studio Version 17
VisualStudioVersion = 17.0.31512.422
MinimumVisualStudioVersion = 10.0.40219.1
Project("{9A19103F-16F7-4668-BE54-9A1E7A4F7556}") = "SkiaSharp.Extended.Svg", "source\SkiaSharp.Extended.Svg.csproj", "{5F472166-361D-4D45-84C9-72B8566D03A2}"
EndProject
Global
	GlobalSection(SolutionConfigurationPlatforms) = preSolution
		Debug|Any CPU = Debug|Any CPU
		Release|Any CPU = Release|Any CPU
	EndGlobalSection
	GlobalSection(ProjectConfigurationPlatforms) = postSolution
		{5F472166-361D-4D45-84C9-72B8566D03A2}.Debug|Any CPU.ActiveCfg = Debug|Any CPU
		{5F472166-361D-4D45-84C9-72B8566D03A2}.Debug|Any CPU.Build.0 = Debug|Any CPU
		{5F472166-361D-4D45-84C9-72B8566D03A2}.Release|Any CPU.ActiveCfg = Release|Any CPU
		{5F472166-361D-4D45-84C9-72B8566D03A2}.Release|Any CPU.Build.0 = Release|Any CPU
	EndGlobalSection
	GlobalSection(SolutionProperties) = preSolution
		HideSolutionNode = FALSE
	EndGlobalSection
	GlobalSection(ExtensibilityGlobals) = postSolution
		SolutionGuid = {08D78153-5DD7-4C52-A348-46AA448B2CFC}
	EndGlobalSection
EndGlobal
